
Microsoft Visual Studio Solution File, Format Version 12.00
# Visual Studio Version 17
VisualStudioVersion = 17.12.35707.178
MinimumVisualStudioVersion = 10.0.40219.1
Project("{FAE04EC0-301F-11D3-BF4B-00C04F79EFBC}") = "UmarDekho.Core", "UmarDekho.Core\UmarDekho.Core.csproj", "{9454182E-0D60-4893-8DC0-482791572FC9}"
EndProject
Project("{FAE04EC0-301F-11D3-BF4B-00C04F79EFBC}") = "UmarDekho.Services", "UmarDekho.Services\UmarDekho.Services.csproj", "{17EC7CB4-DCF1-4334-BC02-0A4C5C4D840F}"
EndProject
Project("{FAE04EC0-301F-11D3-BF4B-00C04F79EFBC}") = "UmarDekho.Web", "UmarDekho.Web\UmarDekho.Web\UmarDekho.Web.csproj", "{6F5171CE-EE5A-40CB-936B-BE1ED571981C}"
EndProject
Project("{FAE04EC0-301F-11D3-BF4B-00C04F79EFBC}") = "UmarDekho.Web.Client", "UmarDekho.Web\UmarDekho.Web.Client\UmarDekho.Web.Client.csproj", "{C027962E-A74E-4AF1-8647-31FBDC199B97}"
EndProject
Global
	GlobalSection(SolutionConfigurationPlatforms) = preSolution
		Debug|Any CPU = Debug|Any CPU
		Release|Any CPU = Release|Any CPU
	EndGlobalSection
	GlobalSection(ProjectConfigurationPlatforms) = postSolution
		{9454182E-0D60-4893-8DC0-482791572FC9}.Debug|Any CPU.ActiveCfg = Debug|Any CPU
		{9454182E-0D60-4893-8DC0-482791572FC9}.Debug|Any CPU.Build.0 = Debug|Any CPU
		{9454182E-0D60-4893-8DC0-482791572FC9}.Release|Any CPU.ActiveCfg = Release|Any CPU
		{9454182E-0D60-4893-8DC0-482791572FC9}.Release|Any CPU.Build.0 = Release|Any CPU
		{17EC7CB4-DCF1-4334-BC02-0A4C5C4D840F}.Debug|Any CPU.ActiveCfg = Debug|Any CPU
		{17EC7CB4-DCF1-4334-BC02-0A4C5C4D840F}.Debug|Any CPU.Build.0 = Debug|Any CPU
		{17EC7CB4-DCF1-4334-BC02-0A4C5C4D840F}.Release|Any CPU.ActiveCfg = Release|Any CPU
		{17EC7CB4-DCF1-4334-BC02-0A4C5C4D840F}.Release|Any CPU.Build.0 = Release|Any CPU
		{6F5171CE-EE5A-40CB-936B-BE1ED571981C}.Debug|Any CPU.ActiveCfg = Debug|Any CPU
		{6F5171CE-EE5A-40CB-936B-BE1ED571981C}.Debug|Any CPU.Build.0 = Debug|Any CPU
		{6F5171CE-EE5A-40CB-936B-BE1ED571981C}.Release|Any CPU.ActiveCfg = Release|Any CPU
		{6F5171CE-EE5A-40CB-936B-BE1ED571981C}.Release|Any CPU.Build.0 = Release|Any CPU
		{C027962E-A74E-4AF1-8647-31FBDC199B97}.Debug|Any CPU.ActiveCfg = Debug|Any CPU
		{C027962E-A74E-4AF1-8647-31FBDC199B97}.Debug|Any CPU.Build.0 = Debug|Any CPU
		{C027962E-A74E-4AF1-8647-31FBDC199B97}.Release|Any CPU.ActiveCfg = Release|Any CPU
		{C027962E-A74E-4AF1-8647-31FBDC199B97}.Release|Any CPU.Build.0 = Release|Any CPU
	EndGlobalSection
	GlobalSection(SolutionProperties) = preSolution
		HideSolutionNode = FALSE
	EndGlobalSection
EndGlobal
